
Microsoft Visual Studio Solution File, Format Version 12.00
Project("{FAE04EC0-301F-11D3-BF4B-00C04F79EFBC}") = "Elements", "Elements\Elements.csproj", "{B26BA4B4-CFB1-4F3E-93DD-CD716C30E166}"
EndProject
Project("{FAE04EC0-301F-11D3-BF4B-00C04F79EFBC}") = "Elements.Web", "Elements.Web\Elements.Web.csproj", "{2CC1E9D4-F5BD-48A5-81EB-8731FD58804F}"
EndProject
Global
	GlobalSection(SolutionConfigurationPlatforms) = preSolution
		Debug|Any CPU = Debug|Any CPU
		Release|Any CPU = Release|Any CPU
	EndGlobalSection
	GlobalSection(ProjectConfigurationPlatforms) = postSolution
		{B26BA4B4-CFB1-4F3E-93DD-CD716C30E166}.Debug|Any CPU.ActiveCfg = Debug|Any CPU
		{B26BA4B4-CFB1-4F3E-93DD-CD716C30E166}.Debug|Any CPU.Build.0 = Debug|Any CPU
		{B26BA4B4-CFB1-4F3E-93DD-CD716C30E166}.Release|Any CPU.ActiveCfg = Release|Any CPU
		{B26BA4B4-CFB1-4F3E-93DD-CD716C30E166}.Release|Any CPU.Build.0 = Release|Any CPU
		{2CC1E9D4-F5BD-48A5-81EB-8731FD58804F}.Debug|Any CPU.ActiveCfg = Debug|Any CPU
		{2CC1E9D4-F5BD-48A5-81EB-8731FD58804F}.Debug|Any CPU.Build.0 = Debug|Any CPU
		{2CC1E9D4-F5BD-48A5-81EB-8731FD58804F}.Release|Any CPU.ActiveCfg = Release|Any CPU
		{2CC1E9D4-F5BD-48A5-81EB-8731FD58804F}.Release|Any CPU.Build.0 = Release|Any CPU
	EndGlobalSection
EndGlobal
